{
  "name": "pa-prefab",
  "version": "1.0.0",
  "lockfileVersion": 2,
  "requires": true,
  "packages": {
    "": {
      "name": "pa-prefab",
      "version": "1.0.0",
      "license": "MIT",
      "dependencies": {
        "rollup": "^2.71.1",
        "rollup-plugin-ts": "^2.0.7"
      }
    },
    "node_modules/@mdn/browser-compat-data": {
      "version": "4.1.18",
      "resolved": "https://registry.npmjs.org/@mdn/browser-compat-data/-/browser-compat-data-4.1.18.tgz",
      "integrity": "sha512-Ap8MOYbyvEilK1+sNY6yh6LmsHSp7f5zzSGlY4AemhbTcoultcozEXPzx42OO6WjoriOsw88aW8TiqgYdXwsxg=="
    },
    "node_modules/@rollup/pluginutils": {
      "version": "4.2.1",
      "resolved": "https://registry.npmjs.org/@rollup/pluginutils/-/pluginutils-4.2.1.tgz",
      "integrity": "sha512-iKnFXr7NkdZAIHiIWE+BX5ULi/ucVFYWD6TbAV+rZctiRTY2PL6tsIKhoIOaoskiWAkgu+VsbXgUVDNLHf+InQ==",
      "dependencies": {
        "estree-walker": "^2.0.1",
        "picomatch": "^2.2.2"
      },
      "engines": {
        "node": ">= 8.0.0"
      }
    },
    "node_modules/@types/node": {
      "version": "16.11.33",
      "resolved": "https://registry.npmjs.org/@types/node/-/node-16.11.33.tgz",
      "integrity": "sha512-0PJ0vg+JyU0MIan58IOIFRtSvsb7Ri+7Wltx2qAg94eMOrpg4+uuP3aUHCpxXc1i0jCXiC+zIamSZh3l9AbcQA=="
    },
    "node_modules/@types/object-path": {
      "version": "0.11.1",
      "resolved": "https://registry.npmjs.org/@types/object-path/-/object-path-0.11.1.tgz",
      "integrity": "sha512-219LSCO9HPcoXcRTC6DbCs0FRhZgBnEMzf16RRqkT40WbkKx3mOeQuz3e2XqbfhOz/AHfbru0kzB1n1RCAsIIg=="
    },
    "node_modules/@types/semver": {
      "version": "7.3.9",
      "resolved": "https://registry.npmjs.org/@types/semver/-/semver-7.3.9.tgz",
      "integrity": "sha512-L/TMpyURfBkf+o/526Zb6kd/tchUP3iBDEPjqjb+U2MAJhVRxxrmr2fwpe08E7QsV7YLcpq0tUaQ9O9x97ZIxQ=="
    },
    "node_modules/@types/ua-parser-js": {
      "version": "0.7.36",
      "resolved": "https://registry.npmjs.org/@types/ua-parser-js/-/ua-parser-js-0.7.36.tgz",
      "integrity": "sha512-N1rW+njavs70y2cApeIw1vLMYXRwfBy+7trgavGuuTfOd7j1Yh7QTRc/yqsPl6ncokt72ZXuxEU0PiCp9bSwNQ=="
    },
    "node_modules/@wessberg/stringutil": {
      "version": "1.0.19",
      "resolved": "https://registry.npmjs.org/@wessberg/stringutil/-/stringutil-1.0.19.tgz",
      "integrity": "sha512-9AZHVXWlpN8Cn9k5BC/O0Dzb9E9xfEMXzYrNunwvkUTvuK7xgQPVRZpLo+jWCOZ5r8oBa8NIrHuPEu1hzbb6bg==",
      "engines": {
        "node": ">=8.0.0"
      }
    },
    "node_modules/ansi-styles": {
      "version": "4.3.0",
      "resolved": "https://registry.npmjs.org/ansi-styles/-/ansi-styles-4.3.0.tgz",
      "integrity": "sha512-zbB9rCJAT1rbjiVDb2hqKFHNYLxgtk8NURxZ3IZwD3F6NtxbXZQCnnSi1Lkx+IDohdPlFp222wVALIheZJQSEg==",
      "dependencies": {
        "color-convert": "^2.0.1"
      },
      "engines": {
        "node": ">=8"
      },
      "funding": {
        "url": "https://github.com/chalk/ansi-styles?sponsor=1"
      }
    },
    "node_modules/browserslist": {
      "version": "4.20.3",
      "resolved": "https://registry.npmjs.org/browserslist/-/browserslist-4.20.3.tgz",
      "integrity": "sha512-NBhymBQl1zM0Y5dQT/O+xiLP9/rzOIQdKM/eMJBAq7yBgaB6krIYLGejrwVYnSHZdqjscB1SPuAjHwxjvN6Wdg==",
      "funding": [
        {
          "type": "opencollective",
          "url": "https://opencollective.com/browserslist"
        },
        {
          "type": "tidelift",
          "url": "https://tidelift.com/funding/github/npm/browserslist"
        }
      ],
      "dependencies": {
        "caniuse-lite": "^1.0.30001332",
        "electron-to-chromium": "^1.4.118",
        "escalade": "^3.1.1",
        "node-releases": "^2.0.3",
        "picocolors": "^1.0.0"
      },
      "bin": {
        "browserslist": "cli.js"
      },
      "engines": {
        "node": "^6 || ^7 || ^8 || ^9 || ^10 || ^11 || ^12 || >=13.7"
      }
    },
    "node_modules/browserslist-generator": {
      "version": "1.0.66",
      "resolved": "https://registry.npmjs.org/browserslist-generator/-/browserslist-generator-1.0.66.tgz",
      "integrity": "sha512-aFDax4Qzh29DdyhHQBD2Yu2L5OvaDnvYFMbmpLrLwwaNK4H6dHEhC/Nxv93/+mfAA+a/t94ln0P2JZvHO6LZDA==",
      "dependencies": {
        "@mdn/browser-compat-data": "^4.1.16",
        "@types/object-path": "^0.11.1",
        "@types/semver": "^7.3.9",
        "@types/ua-parser-js": "^0.7.36",
        "browserslist": "4.20.2",
        "caniuse-lite": "^1.0.30001328",
        "isbot": "3.4.5",
        "object-path": "^0.11.8",
        "semver": "^7.3.7",
        "ua-parser-js": "^1.0.2"
      },
      "engines": {
        "node": ">=8.0.0"
      },
      "funding": {
        "type": "github",
        "url": "https://github.com/wessberg/browserslist-generator?sponsor=1"
      }
    },
    "node_modules/browserslist-generator/node_modules/browserslist": {
      "version": "4.20.2",
      "resolved": "https://registry.npmjs.org/browserslist/-/browserslist-4.20.2.tgz",
      "integrity": "sha512-CQOBCqp/9pDvDbx3xfMi+86pr4KXIf2FDkTTdeuYw8OxS9t898LA1Khq57gtufFILXpfgsSx5woNgsBgvGjpsA==",
      "funding": [
        {
          "type": "opencollective",
          "url": "https://opencollective.com/browserslist"
        },
        {
          "type": "tidelift",
          "url": "https://tidelift.com/funding/github/npm/browserslist"
        }
      ],
      "dependencies": {
        "caniuse-lite": "^1.0.30001317",
        "electron-to-chromium": "^1.4.84",
        "escalade": "^3.1.1",
        "node-releases": "^2.0.2",
        "picocolors": "^1.0.0"
      },
      "bin": {
        "browserslist": "cli.js"
      },
      "engines": {
        "node": "^6 || ^7 || ^8 || ^9 || ^10 || ^11 || ^12 || >=13.7"
      }
    },
    "node_modules/caniuse-lite": {
      "version": "1.0.30001335",
      "resolved": "https://registry.npmjs.org/caniuse-lite/-/caniuse-lite-1.0.30001335.tgz",
      "integrity": "sha512-ddP1Tgm7z2iIxu6QTtbZUv6HJxSaV/PZeSrWFZtbY4JZ69tOeNhBCl3HyRQgeNZKE5AOn1kpV7fhljigy0Ty3w==",
      "funding": [
        {
          "type": "opencollective",
          "url": "https://opencollective.com/browserslist"
        },
        {
          "type": "tidelift",
          "url": "https://tidelift.com/funding/github/npm/caniuse-lite"
        }
      ]
    },
    "node_modules/chalk": {
      "version": "4.1.2",
      "resolved": "https://registry.npmjs.org/chalk/-/chalk-4.1.2.tgz",
      "integrity": "sha512-oKnbhFyRIXpUuez8iBMmyEa4nbj4IOQyuhc/wy9kY7/WVPcwIO9VA668Pu8RkO7+0G76SLROeyw9CpQ061i4mA==",
      "dependencies": {
        "ansi-styles": "^4.1.0",
        "supports-color": "^7.1.0"
      },
      "engines": {
        "node": ">=10"
      },
      "funding": {
        "url": "https://github.com/chalk/chalk?sponsor=1"
      }
    },
    "node_modules/color-convert": {
      "version": "2.0.1",
      "resolved": "https://registry.npmjs.org/color-convert/-/color-convert-2.0.1.tgz",
      "integrity": "sha512-RRECPsj7iu/xb5oKYcsFHSppFNnsj/52OVTRKb4zP5onXwVF3zVmmToNcOfGC+CRDpfK/U584fMg38ZHCaElKQ==",
      "dependencies": {
        "color-name": "~1.1.4"
      },
      "engines": {
        "node": ">=7.0.0"
      }
    },
    "node_modules/color-name": {
      "version": "1.1.4",
      "resolved": "https://registry.npmjs.org/color-name/-/color-name-1.1.4.tgz",
      "integrity": "sha512-dOy+3AuW3a2wNbZHIuMZpTcgjGuLU/uBL/ubcZF9OXbDo8ff4O8yVp5Bf0efS8uEoYo5q4Fx7dY9OgQGXgAsQA=="
    },
    "node_modules/compatfactory": {
      "version": "0.0.13",
      "resolved": "https://registry.npmjs.org/compatfactory/-/compatfactory-0.0.13.tgz",
      "integrity": "sha512-k9Sl/Qal3xQPnjAFZaRpl7jlCh0hDEhVaxyiTMfiHKC/w5TYn4Nds+7340X/v1OrAQC5xGBtaD2JpWgPhXWaAw==",
      "dependencies": {
        "helpertypes": "^0.0.18"
      },
      "engines": {
        "node": ">=10.0.0"
      },
      "peerDependencies": {
        "typescript": ">=3.x || >= 4.x"
      }
    },
    "node_modules/crosspath": {
      "version": "1.0.0",
      "resolved": "https://registry.npmjs.org/crosspath/-/crosspath-1.0.0.tgz",
      "integrity": "sha512-mpjkSErNO6vioL/Cde2aF4UBysPFEMyn+1AN1t7Oc4yqvzSRWe8iBte4P8BHyjo64OmC+ZBxwjIqmpSpIWiQ7Q==",
      "dependencies": {
        "@types/node": "^16.11.7"
      },
      "engines": {
        "node": ">=10.0.0"
      }
    },
    "node_modules/electron-to-chromium": {
      "version": "1.4.129",
      "resolved": "https://registry.npmjs.org/electron-to-chromium/-/electron-to-chromium-1.4.129.tgz",
      "integrity": "sha512-GgtN6bsDtHdtXJtlMYZWGB/uOyjZWjmRDumXTas7dGBaB9zUyCjzHet1DY2KhyHN8R0GLbzZWqm4efeddqqyRQ=="
    },
    "node_modules/escalade": {
      "version": "3.1.1",
      "resolved": "https://registry.npmjs.org/escalade/-/escalade-3.1.1.tgz",
      "integrity": "sha512-k0er2gUkLf8O0zKJiAhmkTnJlTvINGv7ygDNPbeIsX/TJjGJZHuh9B2UxbsaEkmlEo9MfhrSzmhIlhRlI2GXnw==",
      "engines": {
        "node": ">=6"
      }
    },
    "node_modules/estree-walker": {
      "version": "2.0.2",
      "resolved": "https://registry.npmjs.org/estree-walker/-/estree-walker-2.0.2.tgz",
      "integrity": "sha512-Rfkk/Mp/DL7JVje3u18FxFujQlTNR2q6QfMSMB7AvCBx91NGj/ba3kCfza0f6dVDbw7YlRf/nDrn7pQrCCyQ/w=="
    },
    "node_modules/fsevents": {
      "version": "2.3.2",
      "resolved": "https://registry.npmjs.org/fsevents/-/fsevents-2.3.2.tgz",
      "integrity": "sha512-xiqMQR4xAeHTuB9uWm+fFRcIOgKBMiOBP+eXiyT7jsgVCq1bkVygt00oASowB7EdtpOHaaPgKt812P9ab+DDKA==",
      "hasInstallScript": true,
      "optional": true,
      "os": [
        "darwin"
      ],
      "engines": {
        "node": "^8.16.0 || ^10.6.0 || >=11.0.0"
      }
    },
    "node_modules/has-flag": {
      "version": "4.0.0",
      "resolved": "https://registry.npmjs.org/has-flag/-/has-flag-4.0.0.tgz",
      "integrity": "sha512-EykJT/Q1KjTWctppgIAgfSO0tKVuZUjhgMr17kqTumMl6Afv3EISleU7qZUzoXDFTAHTDC4NOoG/ZxU3EvlMPQ==",
      "engines": {
        "node": ">=8"
      }
    },
    "node_modules/helpertypes": {
      "version": "0.0.18",
      "resolved": "https://registry.npmjs.org/helpertypes/-/helpertypes-0.0.18.tgz",
      "integrity": "sha512-XRhfbSEmR+poXUC5/8AbmYNJb2riOT6qPzjGJZr0S9YedHiaY+/tzPYzWMUclYMEdCYo/1l8PDYrQFCj02v97w==",
      "engines": {
        "node": ">=10.0.0"
      }
    },
    "node_modules/isbot": {
      "version": "3.4.5",
      "resolved": "https://registry.npmjs.org/isbot/-/isbot-3.4.5.tgz",
      "integrity": "sha512-+KD6q1BBtw0iK9aGBGSfxJ31/ZgizKRjhm8ebgJUBMx0aeeQuIJ1I72beCoIrltIZGrSm4vmrxRxrG5n1aUTtw==",
      "engines": {
        "node": ">=12"
      }
    },
    "node_modules/lru-cache": {
      "version": "6.0.0",
      "resolved": "https://registry.npmjs.org/lru-cache/-/lru-cache-6.0.0.tgz",
      "integrity": "sha512-Jo6dJ04CmSjuznwJSS3pUeWmd/H0ffTlkXXgwZi+eq1UCmqQwCh+eLsYOYCwY991i2Fah4h1BEMCx4qThGbsiA==",
      "dependencies": {
        "yallist": "^4.0.0"
      },
      "engines": {
        "node": ">=10"
      }
    },
    "node_modules/magic-string": {
      "version": "0.26.1",
      "resolved": "https://registry.npmjs.org/magic-string/-/magic-string-0.26.1.tgz",
      "integrity": "sha512-ndThHmvgtieXe8J/VGPjG+Apu7v7ItcD5mhEIvOscWjPF/ccOiLxHaSuCAS2G+3x4GKsAbT8u7zdyamupui8Tg==",
      "dependencies": {
        "sourcemap-codec": "^1.4.8"
      },
      "engines": {
        "node": ">=12"
      }
    },
    "node_modules/node-releases": {
      "version": "2.0.4",
      "resolved": "https://registry.npmjs.org/node-releases/-/node-releases-2.0.4.tgz",
      "integrity": "sha512-gbMzqQtTtDz/00jQzZ21PQzdI9PyLYqUSvD0p3naOhX4odFji0ZxYdnVwPTxmSwkmxhcFImpozceidSG+AgoPQ=="
    },
    "node_modules/object-path": {
      "version": "0.11.8",
      "resolved": "https://registry.npmjs.org/object-path/-/object-path-0.11.8.tgz",
      "integrity": "sha512-YJjNZrlXJFM42wTBn6zgOJVar9KFJvzx6sTWDte8sWZF//cnjl0BxHNpfZx+ZffXX63A9q0b1zsFiBX4g4X5KA==",
      "engines": {
        "node": ">= 10.12.0"
      }
    },
    "node_modules/picocolors": {
      "version": "1.0.0",
      "resolved": "https://registry.npmjs.org/picocolors/-/picocolors-1.0.0.tgz",
      "integrity": "sha512-1fygroTLlHu66zi26VoTDv8yRgm0Fccecssto+MhsZ0D/DGW2sm8E8AjW7NU5VVTRt5GxbeZ5qBuJr+HyLYkjQ=="
    },
    "node_modules/picomatch": {
      "version": "2.3.1",
      "resolved": "https://registry.npmjs.org/picomatch/-/picomatch-2.3.1.tgz",
      "integrity": "sha512-JU3teHTNjmE2VCGFzuY8EXzCDVwEqB2a8fsIvwaStHhAWJEeVd1o1QD80CU6+ZdEXXSLbSsuLwJjkCBWqRQUVA==",
      "engines": {
        "node": ">=8.6"
      },
      "funding": {
        "url": "https://github.com/sponsors/jonschlinkert"
      }
    },
    "node_modules/rollup": {
      "version": "2.71.1",
      "resolved": "https://registry.npmjs.org/rollup/-/rollup-2.71.1.tgz",
      "integrity": "sha512-lMZk3XfUBGjrrZQpvPSoXcZSfKcJ2Bgn+Z0L1MoW2V8Wh7BVM+LOBJTPo16yul2MwL59cXedzW1ruq3rCjSRgw==",
      "bin": {
        "rollup": "dist/bin/rollup"
      },
      "engines": {
        "node": ">=10.0.0"
      },
      "optionalDependencies": {
        "fsevents": "~2.3.2"
      }
    },
    "node_modules/rollup-plugin-ts": {
      "version": "2.0.7",
      "resolved": "https://registry.npmjs.org/rollup-plugin-ts/-/rollup-plugin-ts-2.0.7.tgz",
      "integrity": "sha512-M9sppRKX6y/b2KXbGdUdHid0tshAEK/sEeYLBHBJiBa4swukSsoFVXKGGZasLcjaXhgUnnizFuvFFj6znxwvSA==",
      "dependencies": {
        "@rollup/pluginutils": "^4.2.0",
        "@wessberg/stringutil": "^1.0.19",
        "browserslist": "^4.20.2",
        "browserslist-generator": "^1.0.66",
        "chalk": "4.1.2",
        "compatfactory": "^0.0.13",
        "crosspath": "1.0.0",
        "magic-string": "^0.26.1",
        "ts-clone-node": "^0.3.32",
        "tslib": "^2.3.1"
      },
      "engines": {
        "node": ">=10.0.0",
        "npm": ">=7.0.0",
        "pnpm": ">=3.2.0",
        "yarn": ">=1.13"
      },
      "funding": {
        "type": "github",
        "url": "https://github.com/wessberg/rollup-plugin-ts?sponsor=1"
      },
      "peerDependencies": {
        "@babel/core": ">=6.x || >=7.x",
        "@babel/plugin-transform-runtime": ">=6.x || >=7.x",
        "@babel/preset-env": ">=6.x || >=7.x",
        "@babel/runtime": ">=6.x || >=7.x",
        "@swc/core": ">=1.x",
        "@swc/helpers": ">=0.2",
        "rollup": ">=1.x || >=2.x",
        "typescript": ">=3.2.x || >= 4.x"
      },
      "peerDependenciesMeta": {
        "@babel/core": {
          "optional": true
        },
        "@babel/plugin-transform-runtime": {
          "optional": true
        },
        "@babel/preset-env": {
          "optional": true
        },
        "@babel/runtime": {
          "optional": true
        },
        "@swc/core": {
          "optional": true
        },
        "@swc/helpers": {
          "optional": true
        }
      }
    },
    "node_modules/semver": {
      "version": "7.3.7",
      "resolved": "https://registry.npmjs.org/semver/-/semver-7.3.7.tgz",
      "integrity": "sha512-QlYTucUYOews+WeEujDoEGziz4K6c47V/Bd+LjSSYcA94p+DmINdf7ncaUinThfvZyu13lN9OY1XDxt8C0Tw0g==",
      "dependencies": {
        "lru-cache": "^6.0.0"
      },
      "bin": {
        "semver": "bin/semver.js"
      },
      "engines": {
        "node": ">=10"
      }
    },
    "node_modules/sourcemap-codec": {
      "version": "1.4.8",
      "resolved": "https://registry.npmjs.org/sourcemap-codec/-/sourcemap-codec-1.4.8.tgz",
      "integrity": "sha512-9NykojV5Uih4lgo5So5dtw+f0JgJX30KCNI8gwhz2J9A15wD0Ml6tjHKwf6fTSa6fAdVBdZeNOs9eJ71qCk8vA=="
    },
    "node_modules/supports-color": {
      "version": "7.2.0",
      "resolved": "https://registry.npmjs.org/supports-color/-/supports-color-7.2.0.tgz",
      "integrity": "sha512-qpCAvRl9stuOHveKsn7HncJRvv501qIacKzQlO/+Lwxc9+0q2wLyv4Dfvt80/DPn2pqOBsJdDiogXGR9+OvwRw==",
      "dependencies": {
        "has-flag": "^4.0.0"
      },
      "engines": {
        "node": ">=8"
      }
    },
    "node_modules/ts-clone-node": {
      "version": "0.3.32",
      "resolved": "https://registry.npmjs.org/ts-clone-node/-/ts-clone-node-0.3.32.tgz",
      "integrity": "sha512-YYGvoWy2Ba98/YC/0leD7IRsU/q5pu/KRg9dD8omzkbgoZ8g7gfYfED9mWMTyNp7J3CQiiKyvM62B7mXXHKU7Q==",
      "dependencies": {
        "compatfactory": "^0.0.13"
      },
      "engines": {
        "node": ">=10.0.0"
      },
      "funding": {
        "type": "github",
        "url": "https://github.com/wessberg/ts-clone-node?sponsor=1"
      },
      "peerDependencies": {
        "typescript": "^3.x || ^4.x"
      }
    },
    "node_modules/tslib": {
      "version": "2.4.0",
      "resolved": "https://registry.npmjs.org/tslib/-/tslib-2.4.0.tgz",
      "integrity": "sha512-d6xOpEDfsi2CZVlPQzGeux8XMwLT9hssAsaPYExaQMuYskwb+x1x7J371tWlbBdWHroy99KnVB6qIkUbs5X3UQ=="
    },
    "node_modules/typescript": {
      "version": "4.6.4",
      "resolved": "https://registry.npmjs.org/typescript/-/typescript-4.6.4.tgz",
      "integrity": "sha512-9ia/jWHIEbo49HfjrLGfKbZSuWo9iTMwXO+Ca3pRsSpbsMbc7/IU8NKdCZVRRBafVPGnoJeFL76ZOAA84I9fEg==",
      "peer": true,
      "bin": {
        "tsc": "bin/tsc",
        "tsserver": "bin/tsserver"
      },
      "engines": {
        "node": ">=4.2.0"
      }
    },
    "node_modules/ua-parser-js": {
      "version": "1.0.2",
      "resolved": "https://registry.npmjs.org/ua-parser-js/-/ua-parser-js-1.0.2.tgz",
      "integrity": "sha512-00y/AXhx0/SsnI51fTc0rLRmafiGOM4/O+ny10Ps7f+j/b8p/ZY11ytMgznXkOVo4GQ+KwQG5UQLkLGirsACRg==",
      "funding": [
        {
          "type": "opencollective",
          "url": "https://opencollective.com/ua-parser-js"
        },
        {
          "type": "paypal",
          "url": "https://paypal.me/faisalman"
        }
      ],
      "engines": {
        "node": "*"
      }
    },
    "node_modules/yallist": {
      "version": "4.0.0",
      "resolved": "https://registry.npmjs.org/yallist/-/yallist-4.0.0.tgz",
      "integrity": "sha512-3wdGidZyq5PB084XLES5TpOSRA3wjXAlIWMhum2kRcv/41Sn2emQ0dycQW4uZXLejwKvg6EsvbdlVL+FYEct7A=="
    }
  },
  "dependencies": {
    "@mdn/browser-compat-data": {
      "version": "4.1.18",
      "resolved": "https://registry.npmjs.org/@mdn/browser-compat-data/-/browser-compat-data-4.1.18.tgz",
      "integrity": "sha512-Ap8MOYbyvEilK1+sNY6yh6LmsHSp7f5zzSGlY4AemhbTcoultcozEXPzx42OO6WjoriOsw88aW8TiqgYdXwsxg=="
    },
    "@rollup/pluginutils": {
      "version": "4.2.1",
      "resolved": "https://registry.npmjs.org/@rollup/pluginutils/-/pluginutils-4.2.1.tgz",
      "integrity": "sha512-iKnFXr7NkdZAIHiIWE+BX5ULi/ucVFYWD6TbAV+rZctiRTY2PL6tsIKhoIOaoskiWAkgu+VsbXgUVDNLHf+InQ==",
      "requires": {
        "estree-walker": "^2.0.1",
        "picomatch": "^2.2.2"
      }
    },
    "@types/node": {
      "version": "16.11.33",
      "resolved": "https://registry.npmjs.org/@types/node/-/node-16.11.33.tgz",
      "integrity": "sha512-0PJ0vg+JyU0MIan58IOIFRtSvsb7Ri+7Wltx2qAg94eMOrpg4+uuP3aUHCpxXc1i0jCXiC+zIamSZh3l9AbcQA=="
    },
    "@types/object-path": {
      "version": "0.11.1",
      "resolved": "https://registry.npmjs.org/@types/object-path/-/object-path-0.11.1.tgz",
      "integrity": "sha512-219LSCO9HPcoXcRTC6DbCs0FRhZgBnEMzf16RRqkT40WbkKx3mOeQuz3e2XqbfhOz/AHfbru0kzB1n1RCAsIIg=="
    },
    "@types/semver": {
      "version": "7.3.9",
      "resolved": "https://registry.npmjs.org/@types/semver/-/semver-7.3.9.tgz",
      "integrity": "sha512-L/TMpyURfBkf+o/526Zb6kd/tchUP3iBDEPjqjb+U2MAJhVRxxrmr2fwpe08E7QsV7YLcpq0tUaQ9O9x97ZIxQ=="
    },
    "@types/ua-parser-js": {
      "version": "0.7.36",
      "resolved": "https://registry.npmjs.org/@types/ua-parser-js/-/ua-parser-js-0.7.36.tgz",
      "integrity": "sha512-N1rW+njavs70y2cApeIw1vLMYXRwfBy+7trgavGuuTfOd7j1Yh7QTRc/yqsPl6ncokt72ZXuxEU0PiCp9bSwNQ=="
    },
    "@wessberg/stringutil": {
      "version": "1.0.19",
      "resolved": "https://registry.npmjs.org/@wessberg/stringutil/-/stringutil-1.0.19.tgz",
      "integrity": "sha512-9AZHVXWlpN8Cn9k5BC/O0Dzb9E9xfEMXzYrNunwvkUTvuK7xgQPVRZpLo+jWCOZ5r8oBa8NIrHuPEu1hzbb6bg=="
    },
    "ansi-styles": {
      "version": "4.3.0",
      "resolved": "https://registry.npmjs.org/ansi-styles/-/ansi-styles-4.3.0.tgz",
      "integrity": "sha512-zbB9rCJAT1rbjiVDb2hqKFHNYLxgtk8NURxZ3IZwD3F6NtxbXZQCnnSi1Lkx+IDohdPlFp222wVALIheZJQSEg==",
      "requires": {
        "color-convert": "^2.0.1"
      }
    },
    "browserslist": {
      "version": "4.20.3",
      "resolved": "https://registry.npmjs.org/browserslist/-/browserslist-4.20.3.tgz",
      "integrity": "sha512-NBhymBQl1zM0Y5dQT/O+xiLP9/rzOIQdKM/eMJBAq7yBgaB6krIYLGejrwVYnSHZdqjscB1SPuAjHwxjvN6Wdg==",
      "requires": {
        "caniuse-lite": "^1.0.30001332",
        "electron-to-chromium": "^1.4.118",
        "escalade": "^3.1.1",
        "node-releases": "^2.0.3",
        "picocolors": "^1.0.0"
      }
    },
    "browserslist-generator": {
      "version": "1.0.66",
      "resolved": "https://registry.npmjs.org/browserslist-generator/-/browserslist-generator-1.0.66.tgz",
      "integrity": "sha512-aFDax4Qzh29DdyhHQBD2Yu2L5OvaDnvYFMbmpLrLwwaNK4H6dHEhC/Nxv93/+mfAA+a/t94ln0P2JZvHO6LZDA==",
      "requires": {
        "@mdn/browser-compat-data": "^4.1.16",
        "@types/object-path": "^0.11.1",
        "@types/semver": "^7.3.9",
        "@types/ua-parser-js": "^0.7.36",
        "browserslist": "4.20.2",
        "caniuse-lite": "^1.0.30001328",
        "isbot": "3.4.5",
        "object-path": "^0.11.8",
        "semver": "^7.3.7",
        "ua-parser-js": "^1.0.2"
      },
      "dependencies": {
        "browserslist": {
          "version": "4.20.2",
          "resolved": "https://registry.npmjs.org/browserslist/-/browserslist-4.20.2.tgz",
          "integrity": "sha512-CQOBCqp/9pDvDbx3xfMi+86pr4KXIf2FDkTTdeuYw8OxS9t898LA1Khq57gtufFILXpfgsSx5woNgsBgvGjpsA==",
          "requires": {
            "caniuse-lite": "^1.0.30001317",
            "electron-to-chromium": "^1.4.84",
            "escalade": "^3.1.1",
            "node-releases": "^2.0.2",
            "picocolors": "^1.0.0"
          }
        }
      }
    },
    "caniuse-lite": {
      "version": "1.0.30001335",
      "resolved": "https://registry.npmjs.org/caniuse-lite/-/caniuse-lite-1.0.30001335.tgz",
      "integrity": "sha512-ddP1Tgm7z2iIxu6QTtbZUv6HJxSaV/PZeSrWFZtbY4JZ69tOeNhBCl3HyRQgeNZKE5AOn1kpV7fhljigy0Ty3w=="
    },
    "chalk": {
      "version": "4.1.2",
      "resolved": "https://registry.npmjs.org/chalk/-/chalk-4.1.2.tgz",
      "integrity": "sha512-oKnbhFyRIXpUuez8iBMmyEa4nbj4IOQyuhc/wy9kY7/WVPcwIO9VA668Pu8RkO7+0G76SLROeyw9CpQ061i4mA==",
      "requires": {
        "ansi-styles": "^4.1.0",
        "supports-color": "^7.1.0"
      }
    },
    "color-convert": {
      "version": "2.0.1",
      "resolved": "https://registry.npmjs.org/color-convert/-/color-convert-2.0.1.tgz",
      "integrity": "sha512-RRECPsj7iu/xb5oKYcsFHSppFNnsj/52OVTRKb4zP5onXwVF3zVmmToNcOfGC+CRDpfK/U584fMg38ZHCaElKQ==",
      "requires": {
        "color-name": "~1.1.4"
      }
    },
    "color-name": {
      "version": "1.1.4",
      "resolved": "https://registry.npmjs.org/color-name/-/color-name-1.1.4.tgz",
      "integrity": "sha512-dOy+3AuW3a2wNbZHIuMZpTcgjGuLU/uBL/ubcZF9OXbDo8ff4O8yVp5Bf0efS8uEoYo5q4Fx7dY9OgQGXgAsQA=="
    },
    "compatfactory": {
      "version": "0.0.13",
      "resolved": "https://registry.npmjs.org/compatfactory/-/compatfactory-0.0.13.tgz",
      "integrity": "sha512-k9Sl/Qal3xQPnjAFZaRpl7jlCh0hDEhVaxyiTMfiHKC/w5TYn4Nds+7340X/v1OrAQC5xGBtaD2JpWgPhXWaAw==",
      "requires": {
        "helpertypes": "^0.0.18"
      }
    },
    "crosspath": {
      "version": "1.0.0",
      "resolved": "https://registry.npmjs.org/crosspath/-/crosspath-1.0.0.tgz",
      "integrity": "sha512-mpjkSErNO6vioL/Cde2aF4UBysPFEMyn+1AN1t7Oc4yqvzSRWe8iBte4P8BHyjo64OmC+ZBxwjIqmpSpIWiQ7Q==",
      "requires": {
        "@types/node": "^16.11.7"
      }
    },
    "electron-to-chromium": {
      "version": "1.4.129",
      "resolved": "https://registry.npmjs.org/electron-to-chromium/-/electron-to-chromium-1.4.129.tgz",
      "integrity": "sha512-GgtN6bsDtHdtXJtlMYZWGB/uOyjZWjmRDumXTas7dGBaB9zUyCjzHet1DY2KhyHN8R0GLbzZWqm4efeddqqyRQ=="
    },
    "escalade": {
      "version": "3.1.1",
      "resolved": "https://registry.npmjs.org/escalade/-/escalade-3.1.1.tgz",
      "integrity": "sha512-k0er2gUkLf8O0zKJiAhmkTnJlTvINGv7ygDNPbeIsX/TJjGJZHuh9B2UxbsaEkmlEo9MfhrSzmhIlhRlI2GXnw=="
    },
    "estree-walker": {
      "version": "2.0.2",
      "resolved": "https://registry.npmjs.org/estree-walker/-/estree-walker-2.0.2.tgz",
      "integrity": "sha512-Rfkk/Mp/DL7JVje3u18FxFujQlTNR2q6QfMSMB7AvCBx91NGj/ba3kCfza0f6dVDbw7YlRf/nDrn7pQrCCyQ/w=="
    },
    "fsevents": {
      "version": "2.3.2",
      "resolved": "https://registry.npmjs.org/fsevents/-/fsevents-2.3.2.tgz",
      "integrity": "sha512-xiqMQR4xAeHTuB9uWm+fFRcIOgKBMiOBP+eXiyT7jsgVCq1bkVygt00oASowB7EdtpOHaaPgKt812P9ab+DDKA==",
      "optional": true
    },
    "has-flag": {
      "version": "4.0.0",
      "resolved": "https://registry.npmjs.org/has-flag/-/has-flag-4.0.0.tgz",
      "integrity": "sha512-EykJT/Q1KjTWctppgIAgfSO0tKVuZUjhgMr17kqTumMl6Afv3EISleU7qZUzoXDFTAHTDC4NOoG/ZxU3EvlMPQ=="
    },
    "helpertypes": {
      "version": "0.0.18",
      "resolved": "https://registry.npmjs.org/helpertypes/-/helpertypes-0.0.18.tgz",
      "integrity": "sha512-XRhfbSEmR+poXUC5/8AbmYNJb2riOT6qPzjGJZr0S9YedHiaY+/tzPYzWMUclYMEdCYo/1l8PDYrQFCj02v97w=="
    },
    "isbot": {
      "version": "3.4.5",
      "resolved": "https://registry.npmjs.org/isbot/-/isbot-3.4.5.tgz",
      "integrity": "sha512-+KD6q1BBtw0iK9aGBGSfxJ31/ZgizKRjhm8ebgJUBMx0aeeQuIJ1I72beCoIrltIZGrSm4vmrxRxrG5n1aUTtw=="
    },
    "lru-cache": {
      "version": "6.0.0",
      "resolved": "https://registry.npmjs.org/lru-cache/-/lru-cache-6.0.0.tgz",
      "integrity": "sha512-Jo6dJ04CmSjuznwJSS3pUeWmd/H0ffTlkXXgwZi+eq1UCmqQwCh+eLsYOYCwY991i2Fah4h1BEMCx4qThGbsiA==",
      "requires": {
        "yallist": "^4.0.0"
      }
    },
    "magic-string": {
      "version": "0.26.1",
      "resolved": "https://registry.npmjs.org/magic-string/-/magic-string-0.26.1.tgz",
      "integrity": "sha512-ndThHmvgtieXe8J/VGPjG+Apu7v7ItcD5mhEIvOscWjPF/ccOiLxHaSuCAS2G+3x4GKsAbT8u7zdyamupui8Tg==",
      "requires": {
        "sourcemap-codec": "^1.4.8"
      }
    },
    "node-releases": {
      "version": "2.0.4",
      "resolved": "https://registry.npmjs.org/node-releases/-/node-releases-2.0.4.tgz",
      "integrity": "sha512-gbMzqQtTtDz/00jQzZ21PQzdI9PyLYqUSvD0p3naOhX4odFji0ZxYdnVwPTxmSwkmxhcFImpozceidSG+AgoPQ=="
    },
    "object-path": {
      "version": "0.11.8",
      "resolved": "https://registry.npmjs.org/object-path/-/object-path-0.11.8.tgz",
      "integrity": "sha512-YJjNZrlXJFM42wTBn6zgOJVar9KFJvzx6sTWDte8sWZF//cnjl0BxHNpfZx+ZffXX63A9q0b1zsFiBX4g4X5KA=="
    },
    "picocolors": {
      "version": "1.0.0",
      "resolved": "https://registry.npmjs.org/picocolors/-/picocolors-1.0.0.tgz",
      "integrity": "sha512-1fygroTLlHu66zi26VoTDv8yRgm0Fccecssto+MhsZ0D/DGW2sm8E8AjW7NU5VVTRt5GxbeZ5qBuJr+HyLYkjQ=="
    },
    "picomatch": {
      "version": "2.3.1",
      "resolved": "https://registry.npmjs.org/picomatch/-/picomatch-2.3.1.tgz",
      "integrity": "sha512-JU3teHTNjmE2VCGFzuY8EXzCDVwEqB2a8fsIvwaStHhAWJEeVd1o1QD80CU6+ZdEXXSLbSsuLwJjkCBWqRQUVA=="
    },
    "rollup": {
      "version": "2.71.1",
      "resolved": "https://registry.npmjs.org/rollup/-/rollup-2.71.1.tgz",
      "integrity": "sha512-lMZk3XfUBGjrrZQpvPSoXcZSfKcJ2Bgn+Z0L1MoW2V8Wh7BVM+LOBJTPo16yul2MwL59cXedzW1ruq3rCjSRgw==",
      "requires": {
        "fsevents": "~2.3.2"
      }
    },
    "rollup-plugin-ts": {
      "version": "2.0.7",
      "resolved": "https://registry.npmjs.org/rollup-plugin-ts/-/rollup-plugin-ts-2.0.7.tgz",
      "integrity": "sha512-M9sppRKX6y/b2KXbGdUdHid0tshAEK/sEeYLBHBJiBa4swukSsoFVXKGGZasLcjaXhgUnnizFuvFFj6znxwvSA==",
      "requires": {
        "@rollup/pluginutils": "^4.2.0",
        "@wessberg/stringutil": "^1.0.19",
        "browserslist": "^4.20.2",
        "browserslist-generator": "^1.0.66",
        "chalk": "4.1.2",
        "compatfactory": "^0.0.13",
        "crosspath": "1.0.0",
        "magic-string": "^0.26.1",
        "ts-clone-node": "^0.3.32",
        "tslib": "^2.3.1"
      }
    },
    "semver": {
      "version": "7.3.7",
      "resolved": "https://registry.npmjs.org/semver/-/semver-7.3.7.tgz",
      "integrity": "sha512-QlYTucUYOews+WeEujDoEGziz4K6c47V/Bd+LjSSYcA94p+DmINdf7ncaUinThfvZyu13lN9OY1XDxt8C0Tw0g==",
      "requires": {
        "lru-cache": "^6.0.0"
      }
    },
    "sourcemap-codec": {
      "version": "1.4.8",
      "resolved": "https://registry.npmjs.org/sourcemap-codec/-/sourcemap-codec-1.4.8.tgz",
      "integrity": "sha512-9NykojV5Uih4lgo5So5dtw+f0JgJX30KCNI8gwhz2J9A15wD0Ml6tjHKwf6fTSa6fAdVBdZeNOs9eJ71qCk8vA=="
    },
    "supports-color": {
      "version": "7.2.0",
      "resolved": "https://registry.npmjs.org/supports-color/-/supports-color-7.2.0.tgz",
      "integrity": "sha512-qpCAvRl9stuOHveKsn7HncJRvv501qIacKzQlO/+Lwxc9+0q2wLyv4Dfvt80/DPn2pqOBsJdDiogXGR9+OvwRw==",
      "requires": {
        "has-flag": "^4.0.0"
      }
    },
    "ts-clone-node": {
      "version": "0.3.32",
      "resolved": "https://registry.npmjs.org/ts-clone-node/-/ts-clone-node-0.3.32.tgz",
      "integrity": "sha512-YYGvoWy2Ba98/YC/0leD7IRsU/q5pu/KRg9dD8omzkbgoZ8g7gfYfED9mWMTyNp7J3CQiiKyvM62B7mXXHKU7Q==",
      "requires": {
        "compatfactory": "^0.0.13"
      }
    },
    "tslib": {
      "version": "2.4.0",
      "resolved": "https://registry.npmjs.org/tslib/-/tslib-2.4.0.tgz",
      "integrity": "sha512-d6xOpEDfsi2CZVlPQzGeux8XMwLT9hssAsaPYExaQMuYskwb+x1x7J371tWlbBdWHroy99KnVB6qIkUbs5X3UQ=="
    },
    "typescript": {
      "version": "4.6.4",
      "resolved": "https://registry.npmjs.org/typescript/-/typescript-4.6.4.tgz",
      "integrity": "sha512-9ia/jWHIEbo49HfjrLGfKbZSuWo9iTMwXO+Ca3pRsSpbsMbc7/IU8NKdCZVRRBafVPGnoJeFL76ZOAA84I9fEg==",
      "peer": true
    },
    "ua-parser-js": {
      "version": "1.0.2",
      "resolved": "https://registry.npmjs.org/ua-parser-js/-/ua-parser-js-1.0.2.tgz",
      "integrity": "sha512-00y/AXhx0/SsnI51fTc0rLRmafiGOM4/O+ny10Ps7f+j/b8p/ZY11ytMgznXkOVo4GQ+KwQG5UQLkLGirsACRg=="
    },
    "yallist": {
      "version": "4.0.0",
      "resolved": "https://registry.npmjs.org/yallist/-/yallist-4.0.0.tgz",
      "integrity": "sha512-3wdGidZyq5PB084XLES5TpOSRA3wjXAlIWMhum2kRcv/41Sn2emQ0dycQW4uZXLejwKvg6EsvbdlVL+FYEct7A=="
    }
  }
}
